// !$*UTF8*$!
{
	archiveVersion = 1;
	classes = {
	};
	objectVersion = 46;
	objects = {

/* Begin PBXBuildFile section */
		250FEADD256E223D9C528517 /* Pods_Swiftounce.framework in Frameworks */ = {isa = PBXBuildFile; fileRef = 67B828CA52B232C4053A2A37 /* Pods_Swiftounce.framework */; };
		4A1048F11C8CBE6A00BD61C4 /* PostPhotoViewController.swift in Sources */ = {isa = PBXBuildFile; fileRef = 4A1048F01C8CBE6A00BD61C4 /* PostPhotoViewController.swift */; settings = {ASSET_TAGS = (); }; };
		4A5262771C8A39A30084498A /* AppDelegate.swift in Sources */ = {isa = PBXBuildFile; fileRef = 4A5262761C8A39A30084498A /* AppDelegate.swift */; };
		4A5262791C8A39A30084498A /* ViewController.swift in Sources */ = {isa = PBXBuildFile; fileRef = 4A5262781C8A39A30084498A /* ViewController.swift */; };
		4A52627C1C8A39A30084498A /* Main.storyboard in Resources */ = {isa = PBXBuildFile; fileRef = 4A52627A1C8A39A30084498A /* Main.storyboard */; };
		4A52627E1C8A39A30084498A /* Assets.xcassets in Resources */ = {isa = PBXBuildFile; fileRef = 4A52627D1C8A39A30084498A /* Assets.xcassets */; };
		4A5262811C8A39A30084498A /* LaunchScreen.storyboard in Resources */ = {isa = PBXBuildFile; fileRef = 4A52627F1C8A39A30084498A /* LaunchScreen.storyboard */; };
		4A5624091C8A3B630089824D /* LoginViewController.swift in Sources */ = {isa = PBXBuildFile; fileRef = 4A5624081C8A3B630089824D /* LoginViewController.swift */; settings = {ASSET_TAGS = (); }; };
		4A56240C1C8BB5E70089824D /* PhotoFeedViewController.swift in Sources */ = {isa = PBXBuildFile; fileRef = 4A56240B1C8BB5E70089824D /* PhotoFeedViewController.swift */; settings = {ASSET_TAGS = (); }; };
/* End PBXBuildFile section */

/* Begin PBXFileReference section */
		10763B9184F728C7E96704D6 /* Pods-Swiftounce.release.xcconfig */ = {isa = PBXFileReference; includeInIndex = 1; lastKnownFileType = text.xcconfig; name = "Pods-Swiftounce.release.xcconfig"; path = "Pods/Target Support Files/Pods-Swiftounce/Pods-Swiftounce.release.xcconfig"; sourceTree = "<group>"; };
		1AA29B04F1950B6541D7E0B0 /* Pods-Swiftounce.debug.xcconfig */ = {isa = PBXFileReference; includeInIndex = 1; lastKnownFileType = text.xcconfig; name = "Pods-Swiftounce.debug.xcconfig"; path = "Pods/Target Support Files/Pods-Swiftounce/Pods-Swiftounce.debug.xcconfig"; sourceTree = "<group>"; };
		4A1048F01C8CBE6A00BD61C4 /* PostPhotoViewController.swift */ = {isa = PBXFileReference; fileEncoding = 4; lastKnownFileType = sourcecode.swift; path = PostPhotoViewController.swift; sourceTree = "<group>"; };
		4A5262731C8A39A30084498A /* Swiftounce.app */ = {isa = PBXFileReference; explicitFileType = wrapper.application; includeInIndex = 0; path = Swiftounce.app; sourceTree = BUILT_PRODUCTS_DIR; };
		4A5262761C8A39A30084498A /* AppDelegate.swift */ = {isa = PBXFileReference; lastKnownFileType = sourcecode.swift; path = AppDelegate.swift; sourceTree = "<group>"; };
		4A5262781C8A39A30084498A /* ViewController.swift */ = {isa = PBXFileReference; lastKnownFileType = sourcecode.swift; path = ViewController.swift; sourceTree = "<group>"; };
		4A52627B1C8A39A30084498A /* Base */ = {isa = PBXFileReference; lastKnownFileType = file.storyboard; name = Base; path = Base.lproj/Main.storyboard; sourceTree = "<group>"; };
		4A52627D1C8A39A30084498A /* Assets.xcassets */ = {isa = PBXFileReference; lastKnownFileType = folder.assetcatalog; path = Assets.xcassets; sourceTree = "<group>"; };
		4A5262801C8A39A30084498A /* Base */ = {isa = PBXFileReference; lastKnownFileType = file.storyboard; name = Base; path = Base.lproj/LaunchScreen.storyboard; sourceTree = "<group>"; };
		4A5262821C8A39A30084498A /* Info.plist */ = {isa = PBXFileReference; lastKnownFileType = text.plist.xml; path = Info.plist; sourceTree = "<group>"; };
		4A5624081C8A3B630089824D /* LoginViewController.swift */ = {isa = PBXFileReference; fileEncoding = 4; lastKnownFileType = sourcecode.swift; path = LoginViewController.swift; sourceTree = "<group>"; };
		4A56240B1C8BB5E70089824D /* PhotoFeedViewController.swift */ = {isa = PBXFileReference; fileEncoding = 4; lastKnownFileType = sourcecode.swift; path = PhotoFeedViewController.swift; sourceTree = "<group>"; };
		67B828CA52B232C4053A2A37 /* Pods_Swiftounce.framework */ = {isa = PBXFileReference; explicitFileType = wrapper.framework; includeInIndex = 0; path = Pods_Swiftounce.framework; sourceTree = BUILT_PRODUCTS_DIR; };
/* End PBXFileReference section */

/* Begin PBXFrameworksBuildPhase section */
		4A5262701C8A39A30084498A /* Frameworks */ = {
			isa = PBXFrameworksBuildPhase;
			buildActionMask = 2147483647;
			files = (
				250FEADD256E223D9C528517 /* Pods_Swiftounce.framework in Frameworks */,
			);
			runOnlyForDeploymentPostprocessing = 0;
		};
/* End PBXFrameworksBuildPhase section */

/* Begin PBXGroup section */
		33B8694C328A8BB45F0620B5 /* Frameworks */ = {
			isa = PBXGroup;
			children = (
				67B828CA52B232C4053A2A37 /* Pods_Swiftounce.framework */,
			);
			name = Frameworks;
			sourceTree = "<group>";
		};
		4A52626A1C8A39A30084498A = {
			isa = PBXGroup;
			children = (
				4A5262751C8A39A30084498A /* Swiftounce */,
				4A5262741C8A39A30084498A /* Products */,
				E51CCB27D975D26CACD15538 /* Pods */,
				33B8694C328A8BB45F0620B5 /* Frameworks */,
			);
			sourceTree = "<group>";
		};
		4A5262741C8A39A30084498A /* Products */ = {
			isa = PBXGroup;
			children = (
				4A5262731C8A39A30084498A /* Swiftounce.app */,
			);
			name = Products;
			sourceTree = "<group>";
		};
		4A5262751C8A39A30084498A /* Swiftounce */ = {
			isa = PBXGroup;
			children = (
				4A56240A1C8A3B670089824D /* View Controllers */,
				4A5262761C8A39A30084498A /* AppDelegate.swift */,
				4A5262781C8A39A30084498A /* ViewController.swift */,
				4A52627A1C8A39A30084498A /* Main.storyboard */,
				4A52627D1C8A39A30084498A /* Assets.xcassets */,
				4A52627F1C8A39A30084498A /* LaunchScreen.storyboard */,
				4A5262821C8A39A30084498A /* Info.plist */,
			);
			path = Swiftounce;
			sourceTree = "<group>";
		};
		4A56240A1C8A3B670089824D /* View Controllers */ = {
			isa = PBXGroup;
			children = (
				4A5624081C8A3B630089824D /* LoginViewController.swift */,
				4A56240B1C8BB5E70089824D /* PhotoFeedViewController.swift */,
				4A1048F01C8CBE6A00BD61C4 /* PostPhotoViewController.swift */,
			);
			name = "View Controllers";
			sourceTree = "<group>";
		};
		E51CCB27D975D26CACD15538 /* Pods */ = {
			isa = PBXGroup;
			children = (
				1AA29B04F1950B6541D7E0B0 /* Pods-Swiftounce.debug.xcconfig */,
				10763B9184F728C7E96704D6 /* Pods-Swiftounce.release.xcconfig */,
			);
			name = Pods;
			sourceTree = "<group>";
		};
/* End PBXGroup section */

/* Begin PBXNativeTarget section */
		4A5262721C8A39A30084498A /* Swiftounce */ = {
			isa = PBXNativeTarget;
			buildConfigurationList = 4A5262851C8A39A30084498A /* Build configuration list for PBXNativeTarget "Swiftounce" */;
			buildPhases = (
				518116433A18FC1F44812619 /* Check Pods Manifest.lock */,
				4A52626F1C8A39A30084498A /* Sources */,
				4A5262701C8A39A30084498A /* Frameworks */,
				4A5262711C8A39A30084498A /* Resources */,
				76B97ADA33DCF3D85D31737E /* Embed Pods Frameworks */,
				8E742476A6521D0A88316E9C /* Copy Pods Resources */,
			);
			buildRules = (
			);
			dependencies = (
			);
			name = Swiftounce;
			productName = Swiftounce;
			productReference = 4A5262731C8A39A30084498A /* Swiftounce.app */;
			productType = "com.apple.product-type.application";
		};
/* End PBXNativeTarget section */

/* Begin PBXProject section */
		4A52626B1C8A39A30084498A /* Project object */ = {
			isa = PBXProject;
			attributes = {
				LastUpgradeCheck = 0700;
				ORGANIZATIONNAME = "Philippe Kimura-Thollander";
				TargetAttributes = {
					4A5262721C8A39A30084498A = {
						CreatedOnToolsVersion = 7.0;
						DevelopmentTeam = FBATCS44C9;
					};
				};
			};
			buildConfigurationList = 4A52626E1C8A39A30084498A /* Build configuration list for PBXProject "Swiftounce" */;
			compatibilityVersion = "Xcode 3.2";
			developmentRegion = English;
			hasScannedForEncodings = 0;
			knownRegions = (
				en,
				Base,
			);
			mainGroup = 4A52626A1C8A39A30084498A;
			productRefGroup = 4A5262741C8A39A30084498A /* Products */;
			projectDirPath = "";
			projectRoot = "";
			targets = (
				4A5262721C8A39A30084498A /* Swiftounce */,
			);
		};
/* End PBXProject section */

/* Begin PBXResourcesBuildPhase section */
		4A5262711C8A39A30084498A /* Resources */ = {
			isa = PBXResourcesBuildPhase;
			buildActionMask = 2147483647;
			files = (
				4A5262811C8A39A30084498A /* LaunchScreen.storyboard in Resources */,
				4A52627E1C8A39A30084498A /* Assets.xcassets in Resources */,
				4A52627C1C8A39A30084498A /* Main.storyboard in Resources */,
			);
			runOnlyForDeploymentPostprocessing = 0;
		};
/* End PBXResourcesBuildPhase section */

/* Begin PBXShellScriptBuildPhase section */
		518116433A18FC1F44812619 /* Check Pods Manifest.lock */ = {
			isa = PBXShellScriptBuildPhase;
			buildActionMask = 2147483647;
			files = (
			);
			inputPaths = (
			);
			name = "Check Pods Manifest.lock";
			outputPaths = (
			);
			runOnlyForDeploymentPostprocessing = 0;
			shellPath = /bin/sh;
			shellScript = "diff \"${PODS_ROOT}/../Podfile.lock\" \"${PODS_ROOT}/Manifest.lock\" > /dev/null\nif [[ $? != 0 ]] ; then\n    cat << EOM\nerror: The sandbox is not in sync with the Podfile.lock. Run 'pod install' or update your CocoaPods installation.\nEOM\n    exit 1\nfi\n";
			showEnvVarsInLog = 0;
		};
		76B97ADA33DCF3D85D31737E /* Embed Pods Frameworks */ = {
			isa = PBXShellScriptBuildPhase;
			buildActionMask = 2147483647;
			files = (
			);
			inputPaths = (
			);
			name = "Embed Pods Frameworks";
			outputPaths = (
			);
			runOnlyForDeploymentPostprocessing = 0;
			shellPath = /bin/sh;
			shellScript = "\"${SRCROOT}/Pods/Target Support Files/Pods-Swiftounce/Pods-Swiftounce-frameworks.sh\"\n";
			showEnvVarsInLog = 0;
		};
		8E742476A6521D0A88316E9C /* Copy Pods Resources */ = {
			isa = PBXShellScriptBuildPhase;
			buildActionMask = 2147483647;
			files = (
			);
			inputPaths = (
			);
			name = "Copy Pods Resources";
			outputPaths = (
			);
			runOnlyForDeploymentPostprocessing = 0;
			shellPath = /bin/sh;
			shellScript = "\"${SRCROOT}/Pods/Target Support Files/Pods-Swiftounce/Pods-Swiftounce-resources.sh\"\n";
			showEnvVarsInLog = 0;
		};
/* End PBXShellScriptBuildPhase section */

/* Begin PBXSourcesBuildPhase section */
		4A52626F1C8A39A30084498A /* Sources */ = {
			isa = PBXSourcesBuildPhase;
			buildActionMask = 2147483647;
			files = (
				4A5624091C8A3B630089824D /* LoginViewController.swift in Sources */,
				4A56240C1C8BB5E70089824D /* PhotoFeedViewController.swift in Sources */,
				4A5262791C8A39A30084498A /* ViewController.swift in Sources */,
				4A1048F11C8CBE6A00BD61C4 /* PostPhotoViewController.swift in Sources */,
				4A5262771C8A39A30084498A /* AppDelegate.swift in Sources */,
			);
			runOnlyForDeploymentPostprocessing = 0;
		};
/* End PBXSourcesBuildPhase section */

/* Begin PBXVariantGroup section */
		4A52627A1C8A39A30084498A /* Main.storyboard */ = {
			isa = PBXVariantGroup;
			children = (
				4A52627B1C8A39A30084498A /* Base */,
			);
			name = Main.storyboard;
			sourceTree = "<group>";
		};
		4A52627F1C8A39A30084498A /* LaunchScreen.storyboard */ = {
			isa = PBXVariantGroup;
			children = (
				4A5262801C8A39A30084498A /* Base */,
			);
			name = LaunchScreen.storyboard;
			sourceTree = "<group>";
		};
/* End PBXVariantGroup section */

/* Begin XCBuildConfiguration section */
		4A5262831C8A39A30084498A /* Debug */ = {
			isa = XCBuildConfiguration;
			buildSettings = {
				ALWAYS_SEARCH_USER_PATHS = NO;
				CLANG_CXX_LANGUAGE_STANDARD = "gnu++0x";
				CLANG_CXX_LIBRARY = "libc++";
				CLANG_ENABLE_MODULES = YES;
				CLANG_ENABLE_OBJC_ARC = YES;
				CLANG_WARN_BOOL_CONVERSION = YES;
				CLANG_WARN_CONSTANT_CONVERSION = YES;
				CLANG_WARN_DIRECT_OBJC_ISA_USAGE = YES_ERROR;
				CLANG_WARN_EMPTY_BODY = YES;
				CLANG_WARN_ENUM_CONVERSION = YES;
				CLANG_WARN_INT_CONVERSION = YES;
				CLANG_WARN_OBJC_ROOT_CLASS = YES_ERROR;
				CLANG_WARN_UNREACHABLE_CODE = YES;
				CLANG_WARN__DUPLICATE_METHOD_MATCH = YES;
				"CODE_SIGN_IDENTITY[sdk=iphoneos*]" = "iPhone Developer";
				COPY_PHASE_STRIP = NO;
				DEBUG_INFORMATION_FORMAT = dwarf;
				ENABLE_STRICT_OBJC_MSGSEND = YES;
				ENABLE_TESTABILITY = YES;
				GCC_C_LANGUAGE_STANDARD = gnu99;
				GCC_DYNAMIC_NO_PIC = NO;
				GCC_NO_COMMON_BLOCKS = YES;
				GCC_OPTIMIZATION_LEVEL = 0;
				GCC_PREPROCESSOR_DEFINITIONS = (
					"DEBUG=1",
					"$(inherited)",
				);
				GCC_WARN_64_TO_32_BIT_CONVERSION = YES;
				GCC_WARN_ABOUT_RETURN_TYPE = YES_ERROR;
				GCC_WARN_UNDECLARED_SELECTOR = YES;
				GCC_WARN_UNINITIALIZED_AUTOS = YES_AGGRESSIVE;
				GCC_WARN_UNUSED_FUNCTION = YES;
				GCC_WARN_UNUSED_VARIABLE = YES;
				IPHONEOS_DEPLOYMENT_TARGET = 9.0;
				MTL_ENABLE_DEBUG_INFO = YES;
				ONLY_ACTIVE_ARCH = YES;
				SDKROOT = iphoneos;
				SWIFT_OPTIMIZATION_LEVEL = "-Onone";
			};
			name = Debug;
		};
		4A5262841C8A39A30084498A /* Release */ = {
			isa = XCBuildConfiguration;
			buildSettings = {
				ALWAYS_SEARCH_USER_PATHS = NO;
				CLANG_CXX_LANGUAGE_STANDARD = "gnu++0x";
				CLANG_CXX_LIBRARY = "libc++";
				CLANG_ENABLE_MODULES = YES;
				CLANG_ENABLE_OBJC_ARC = YES;
				CLANG_WARN_BOOL_CONVERSION = YES;
				CLANG_WARN_CONSTANT_CONVERSION = YES;
				CLANG_WARN_DIRECT_OBJC_ISA_USAGE = YES_ERROR;
				CLANG_WARN_EMPTY_BODY = YES;
				CLANG_WARN_ENUM_CONVERSION = YES;
				CLANG_WARN_INT_CONVERSION = YES;
				CLANG_WARN_OBJC_ROOT_CLASS = YES_ERROR;
				CLANG_WARN_UNREACHABLE_CODE = YES;
				CLANG_WARN__DUPLICATE_METHOD_MATCH = YES;
				"CODE_SIGN_IDENTITY[sdk=iphoneos*]" = "iPhone Developer";
				COPY_PHASE_STRIP = NO;
				DEBUG_INFORMATION_FORMAT = "dwarf-with-dsym";
				ENABLE_NS_ASSERTIONS = NO;
				ENABLE_STRICT_OBJC_MSGSEND = YES;
				GCC_C_LANGUAGE_STANDARD = gnu99;
				GCC_NO_COMMON_BLOCKS = YES;
				GCC_WARN_64_TO_32_BIT_CONVERSION = YES;
				GCC_WARN_ABOUT_RETURN_TYPE = YES_ERROR;
				GCC_WARN_UNDECLARED_SELECTOR = YES;
				GCC_WARN_UNINITIALIZED_AUTOS = YES_AGGRESSIVE;
				GCC_WARN_UNUSED_FUNCTION = YES;
				GCC_WARN_UNUSED_VARIABLE = YES;
				IPHONEOS_DEPLOYMENT_TARGET = 9.0;
				MTL_ENABLE_DEBUG_INFO = NO;
				SDKROOT = iphoneos;
				VALIDATE_PRODUCT = YES;
			};
			name = Release;
		};
		4A5262861C8A39A30084498A /* Debug */ = {
			isa = XCBuildConfiguration;
			baseConfigurationReference = 1AA29B04F1950B6541D7E0B0 /* Pods-Swiftounce.debug.xcconfig */;
			buildSettings = {
				ASSETCATALOG_COMPILER_APPICON_NAME = AppIcon;
				INFOPLIST_FILE = Swiftounce/Info.plist;
				LD_RUNPATH_SEARCH_PATHS = "$(inherited) @executable_path/Frameworks";
				PRODUCT_BUNDLE_IDENTIFIER = com.codepath.Swiftounce;
				PRODUCT_NAME = "$(TARGET_NAME)";
			};
			name = Debug;
		};
		4A5262871C8A39A30084498A /* Release */ = {
			isa = XCBuildConfiguration;
			baseConfigurationReference = 10763B9184F728C7E96704D6 /* Pods-Swiftounce.release.xcconfig */;
			buildSettings = {
				ASSETCATALOG_COMPILER_APPICON_NAME = AppIcon;
				INFOPLIST_FILE = Swiftounce/Info.plist;
				LD_RUNPATH_SEARCH_PATHS = "$(inherited) @executable_path/Frameworks";
				PRODUCT_BUNDLE_IDENTIFIER = com.codepath.Swiftounce;
				PRODUCT_NAME = "$(TARGET_NAME)";
			};
			name = Release;
		};
/* End XCBuildConfiguration section */

/* Begin XCConfigurationList section */
		4A52626E1C8A39A30084498A /* Build configuration list for PBXProject "Swiftounce" */ = {
			isa = XCConfigurationList;
			buildConfigurations = (
				4A5262831C8A39A30084498A /* Debug */,
				4A5262841C8A39A30084498A /* Release */,
			);
			defaultConfigurationIsVisible = 0;
			defaultConfigurationName = Release;
		};
		4A5262851C8A39A30084498A /* Build configuration list for PBXNativeTarget "Swiftounce" */ = {
			isa = XCConfigurationList;
			buildConfigurations = (
				4A5262861C8A39A30084498A /* Debug */,
				4A5262871C8A39A30084498A /* Release */,
			);
			defaultConfigurationIsVisible = 0;
			defaultConfigurationName = Release;
		};
/* End XCConfigurationList section */
	};
	rootObject = 4A52626B1C8A39A30084498A /* Project object */;
}
